
Microsoft Visual Studio Solution File, Format Version 12.00
# Visual Studio Version 16
VisualStudioVersion = 16.0.30011.22
MinimumVisualStudioVersion = 10.0.40219.1
Project("{9A19103F-16F7-4668-BE54-9A1E7A4F7556}") = "MyVet.Common", "MyVet.Common\MyVet.Common.csproj", "{D070B53E-43C2-42BC-866E-74B668E4B8E1}"
EndProject
Project("{9A19103F-16F7-4668-BE54-9A1E7A4F7556}") = "MyVet.Web", "MyVet.Web\MyVet.Web.csproj", "{09023EA2-89CF-4F8C-909F-FC523342CCA9}"
EndProject
Project("{FAE04EC0-301F-11D3-BF4B-00C04F79EFBC}") = "MyVet.Prism", "MyVet.Prism\MyVet.Prism\MyVet.Prism.csproj", "{FF9BD75C-6095-4078-83F9-A05E1E63D2A7}"
EndProject
Project("{FAE04EC0-301F-11D3-BF4B-00C04F79EFBC}") = "MyVet.Prism.Android", "MyVet.Prism\MyVet.Prism.Android\MyVet.Prism.Android.csproj", "{E3DBAB70-5958-4A23-B792-FC8E1C520481}"
EndProject
Project("{FAE04EC0-301F-11D3-BF4B-00C04F79EFBC}") = "MyVet.Prism.iOS", "MyVet.Prism\MyVet.Prism.iOS\MyVet.Prism.iOS.csproj", "{B066C4DE-83D2-4C88-B2E5-120D1435695C}"
EndProject
Project("{FAE04EC0-301F-11D3-BF4B-00C04F79EFBC}") = "MyVet.Prism.UWP", "MyVet.Prism\MyVet.Prism.UWP\MyVet.Prism.UWP.csproj", "{D97114E9-5E19-4D35-816A-4C150B2D209E}"
EndProject
Global
	GlobalSection(SolutionConfigurationPlatforms) = preSolution
		Ad-Hoc|Any CPU = Ad-Hoc|Any CPU
		Ad-Hoc|ARM = Ad-Hoc|ARM
		Ad-Hoc|iPhone = Ad-Hoc|iPhone
		Ad-Hoc|iPhoneSimulator = Ad-Hoc|iPhoneSimulator
		Ad-Hoc|x64 = Ad-Hoc|x64
		Ad-Hoc|x86 = Ad-Hoc|x86
		AppStore|Any CPU = AppStore|Any CPU
		AppStore|ARM = AppStore|ARM
		AppStore|iPhone = AppStore|iPhone
		AppStore|iPhoneSimulator = AppStore|iPhoneSimulator
		AppStore|x64 = AppStore|x64
		AppStore|x86 = AppStore|x86
		Debug|Any CPU = Debug|Any CPU
		Debug|ARM = Debug|ARM
		Debug|iPhone = Debug|iPhone
		Debug|iPhoneSimulator = Debug|iPhoneSimulator
		Debug|x64 = Debug|x64
		Debug|x86 = Debug|x86
		Release|Any CPU = Release|Any CPU
		Release|ARM = Release|ARM
		Release|iPhone = Release|iPhone
		Release|iPhoneSimulator = Release|iPhoneSimulator
		Release|x64 = Release|x64
		Release|x86 = Release|x86
	EndGlobalSection
	GlobalSection(ProjectConfigurationPlatforms) = postSolution
		{D070B53E-43C2-42BC-866E-74B668E4B8E1}.Ad-Hoc|Any CPU.ActiveCfg = Release|Any CPU
		{D070B53E-43C2-42BC-866E-74B668E4B8E1}.Ad-Hoc|Any CPU.Build.0 = Release|Any CPU
		{D070B53E-43C2-42BC-866E-74B668E4B8E1}.Ad-Hoc|ARM.ActiveCfg = Release|Any CPU
		{D070B53E-43C2-42BC-866E-74B668E4B8E1}.Ad-Hoc|ARM.Build.0 = Release|Any CPU
		{D070B53E-43C2-42BC-866E-74B668E4B8E1}.Ad-Hoc|iPhone.ActiveCfg = Release|Any CPU
		{D070B53E-43C2-42BC-866E-74B668E4B8E1}.Ad-Hoc|iPhone.Build.0 = Release|Any CPU
		{D070B53E-43C2-42BC-866E-74B668E4B8E1}.Ad-Hoc|iPhoneSimulator.ActiveCfg = Release|Any CPU
		{D070B53E-43C2-42BC-866E-74B668E4B8E1}.Ad-Hoc|iPhoneSimulator.Build.0 = Release|Any CPU
		{D070B53E-43C2-42BC-866E-74B668E4B8E1}.Ad-Hoc|x64.ActiveCfg = Release|Any CPU
		{D070B53E-43C2-42BC-866E-74B668E4B8E1}.Ad-Hoc|x64.Build.0 = Release|Any CPU
		{D070B53E-43C2-42BC-866E-74B668E4B8E1}.Ad-Hoc|x86.ActiveCfg = Release|Any CPU
		{D070B53E-43C2-42BC-866E-74B668E4B8E1}.Ad-Hoc|x86.Build.0 = Release|Any CPU
		{D070B53E-43C2-42BC-866E-74B668E4B8E1}.AppStore|Any CPU.ActiveCfg = Release|Any CPU
		{D070B53E-43C2-42BC-866E-74B668E4B8E1}.AppStore|Any CPU.Build.0 = Release|Any CPU
		{D070B53E-43C2-42BC-866E-74B668E4B8E1}.AppStore|ARM.ActiveCfg = Release|Any CPU
		{D070B53E-43C2-42BC-866E-74B668E4B8E1}.AppStore|ARM.Build.0 = Release|Any CPU
		{D070B53E-43C2-42BC-866E-74B668E4B8E1}.AppStore|iPhone.ActiveCfg = Release|Any CPU
		{D070B53E-43C2-42BC-866E-74B668E4B8E1}.AppStore|iPhone.Build.0 = Release|Any CPU
		{D070B53E-43C2-42BC-866E-74B668E4B8E1}.AppStore|iPhoneSimulator.ActiveCfg = Release|Any CPU
		{D070B53E-43C2-42BC-866E-74B668E4B8E1}.AppStore|iPhoneSimulator.Build.0 = Release|Any CPU
		{D070B53E-43C2-42BC-866E-74B668E4B8E1}.AppStore|x64.ActiveCfg = Release|Any CPU
		{D070B53E-43C2-42BC-866E-74B668E4B8E1}.AppStore|x64.Build.0 = Release|Any CPU
		{D070B53E-43C2-42BC-866E-74B668E4B8E1}.AppStore|x86.ActiveCfg = Release|Any CPU
		{D070B53E-43C2-42BC-866E-74B668E4B8E1}.AppStore|x86.Build.0 = Release|Any CPU
		{D070B53E-43C2-42BC-866E-74B668E4B8E1}.Debug|Any CPU.ActiveCfg = Debug|Any CPU
		{D070B53E-43C2-42BC-866E-74B668E4B8E1}.Debug|Any CPU.Build.0 = Debug|Any CPU
		{D070B53E-43C2-42BC-866E-74B668E4B8E1}.Debug|ARM.ActiveCfg = Debug|Any CPU
		{D070B53E-43C2-42BC-866E-74B668E4B8E1}.Debug|ARM.Build.0 = Debug|Any CPU
		{D070B53E-43C2-42BC-866E-74B668E4B8E1}.Debug|iPhone.ActiveCfg = Debug|Any CPU
		{D070B53E-43C2-42BC-866E-74B668E4B8E1}.Debug|iPhone.Build.0 = Debug|Any CPU
		{D070B53E-43C2-42BC-866E-74B668E4B8E1}.Debug|iPhoneSimulator.ActiveCfg = Debug|Any CPU
		{D070B53E-43C2-42BC-866E-74B668E4B8E1}.Debug|iPhoneSimulator.Build.0 = Debug|Any CPU
		{D070B53E-43C2-42BC-866E-74B668E4B8E1}.Debug|x64.ActiveCfg = Debug|Any CPU
		{D070B53E-43C2-42BC-866E-74B668E4B8E1}.Debug|x64.Build.0 = Debug|Any CPU
		{D070B53E-43C2-42BC-866E-74B668E4B8E1}.Debug|x86.ActiveCfg = Debug|Any CPU
		{D070B53E-43C2-42BC-866E-74B668E4B8E1}.Debug|x86.Build.0 = Debug|Any CPU
		{D070B53E-43C2-42BC-866E-74B668E4B8E1}.Release|Any CPU.ActiveCfg = Release|Any CPU
		{D070B53E-43C2-42BC-866E-74B668E4B8E1}.Release|Any CPU.Build.0 = Release|Any CPU
		{D070B53E-43C2-42BC-866E-74B668E4B8E1}.Release|ARM.ActiveCfg = Release|Any CPU
		{D070B53E-43C2-42BC-866E-74B668E4B8E1}.Release|ARM.Build.0 = Release|Any CPU
		{D070B53E-43C2-42BC-866E-74B668E4B8E1}.Release|iPhone.ActiveCfg = Release|Any CPU
		{D070B53E-43C2-42BC-866E-74B668E4B8E1}.Release|iPhone.Build.0 = Release|Any CPU
		{D070B53E-43C2-42BC-866E-74B668E4B8E1}.Release|iPhoneSimulator.ActiveCfg = Release|Any CPU
		{D070B53E-43C2-42BC-866E-74B668E4B8E1}.Release|iPhoneSimulator.Build.0 = Release|Any CPU
		{D070B53E-43C2-42BC-866E-74B668E4B8E1}.Release|x64.ActiveCfg = Release|Any CPU
		{D070B53E-43C2-42BC-866E-74B668E4B8E1}.Release|x64.Build.0 = Release|Any CPU
		{D070B53E-43C2-42BC-866E-74B668E4B8E1}.Release|x86.ActiveCfg = Release|Any CPU
		{D070B53E-43C2-42BC-866E-74B668E4B8E1}.Release|x86.Build.0 = Release|Any CPU
		{09023EA2-89CF-4F8C-909F-FC523342CCA9}.Ad-Hoc|Any CPU.ActiveCfg = Release|Any CPU
		{09023EA2-89CF-4F8C-909F-FC523342CCA9}.Ad-Hoc|Any CPU.Build.0 = Release|Any CPU
		{09023EA2-89CF-4F8C-909F-FC523342CCA9}.Ad-Hoc|ARM.ActiveCfg = Release|Any CPU
		{09023EA2-89CF-4F8C-909F-FC523342CCA9}.Ad-Hoc|ARM.Build.0 = Release|Any CPU
		{09023EA2-89CF-4F8C-909F-FC523342CCA9}.Ad-Hoc|iPhone.ActiveCfg = Release|Any CPU
		{09023EA2-89CF-4F8C-909F-FC523342CCA9}.Ad-Hoc|iPhone.Build.0 = Release|Any CPU
		{09023EA2-89CF-4F8C-909F-FC523342CCA9}.Ad-Hoc|iPhoneSimulator.ActiveCfg = Release|Any CPU
		{09023EA2-89CF-4F8C-909F-FC523342CCA9}.Ad-Hoc|iPhoneSimulator.Build.0 = Release|Any CPU
		{09023EA2-89CF-4F8C-909F-FC523342CCA9}.Ad-Hoc|x64.ActiveCfg = Release|Any CPU
		{09023EA2-89CF-4F8C-909F-FC523342CCA9}.Ad-Hoc|x64.Build.0 = Release|Any CPU
		{09023EA2-89CF-4F8C-909F-FC523342CCA9}.Ad-Hoc|x86.ActiveCfg = Release|Any CPU
		{09023EA2-89CF-4F8C-909F-FC523342CCA9}.Ad-Hoc|x86.Build.0 = Release|Any CPU
		{09023EA2-89CF-4F8C-909F-FC523342CCA9}.AppStore|Any CPU.ActiveCfg = Release|Any CPU
		{09023EA2-89CF-4F8C-909F-FC523342CCA9}.AppStore|Any CPU.Build.0 = Release|Any CPU
		{09023EA2-89CF-4F8C-909F-FC523342CCA9}.AppStore|ARM.ActiveCfg = Release|Any CPU
		{09023EA2-89CF-4F8C-909F-FC523342CCA9}.AppStore|ARM.Build.0 = Release|Any CPU
		{09023EA2-89CF-4F8C-909F-FC523342CCA9}.AppStore|iPhone.ActiveCfg = Release|Any CPU
		{09023EA2-89CF-4F8C-909F-FC523342CCA9}.AppStore|iPhone.Build.0 = Release|Any CPU
		{09023EA2-89CF-4F8C-909F-FC523342CCA9}.AppStore|iPhoneSimulator.ActiveCfg = Release|Any CPU
		{09023EA2-89CF-4F8C-909F-FC523342CCA9}.AppStore|iPhoneSimulator.Build.0 = Release|Any CPU
		{09023EA2-89CF-4F8C-909F-FC523342CCA9}.AppStore|x64.ActiveCfg = Release|Any CPU
		{09023EA2-89CF-4F8C-909F-FC523342CCA9}.AppStore|x64.Build.0 = Release|Any CPU
		{09023EA2-89CF-4F8C-909F-FC523342CCA9}.AppStore|x86.ActiveCfg = Release|Any CPU
		{09023EA2-89CF-4F8C-909F-FC523342CCA9}.AppStore|x86.Build.0 = Release|Any CPU
		{09023EA2-89CF-4F8C-909F-FC523342CCA9}.Debug|Any CPU.ActiveCfg = Debug|Any CPU
		{09023EA2-89CF-4F8C-909F-FC523342CCA9}.Debug|Any CPU.Build.0 = Debug|Any CPU
		{09023EA2-89CF-4F8C-909F-FC523342CCA9}.Debug|ARM.ActiveCfg = Debug|Any CPU
		{09023EA2-89CF-4F8C-909F-FC523342CCA9}.Debug|ARM.Build.0 = Debug|Any CPU
		{09023EA2-89CF-4F8C-909F-FC523342CCA9}.Debug|iPhone.ActiveCfg = Debug|Any CPU
		{09023EA2-89CF-4F8C-909F-FC523342CCA9}.Debug|iPhone.Build.0 = Debug|Any CPU
		{09023EA2-89CF-4F8C-909F-FC523342CCA9}.Debug|iPhoneSimulator.ActiveCfg = Debug|Any CPU
		{09023EA2-89CF-4F8C-909F-FC523342CCA9}.Debug|iPhoneSimulator.Build.0 = Debug|Any CPU
		{09023EA2-89CF-4F8C-909F-FC523342CCA9}.Debug|x64.ActiveCfg = Debug|Any CPU
		{09023EA2-89CF-4F8C-909F-FC523342CCA9}.Debug|x64.Build.0 = Debug|Any CPU
		{09023EA2-89CF-4F8C-909F-FC523342CCA9}.Debug|x86.ActiveCfg = Debug|Any CPU
		{09023EA2-89CF-4F8C-909F-FC523342CCA9}.Debug|x86.Build.0 = Debug|Any CPU
		{09023EA2-89CF-4F8C-909F-FC523342CCA9}.Release|Any CPU.ActiveCfg = Release|Any CPU
		{09023EA2-89CF-4F8C-909F-FC523342CCA9}.Release|Any CPU.Build.0 = Release|Any CPU
		{09023EA2-89CF-4F8C-909F-FC523342CCA9}.Release|ARM.ActiveCfg = Release|Any CPU
		{09023EA2-89CF-4F8C-909F-FC523342CCA9}.Release|ARM.Build.0 = Release|Any CPU
		{09023EA2-89CF-4F8C-909F-FC523342CCA9}.Release|iPhone.ActiveCfg = Release|Any CPU
		{09023EA2-89CF-4F8C-909F-FC523342CCA9}.Release|iPhone.Build.0 = Release|Any CPU
		{09023EA2-89CF-4F8C-909F-FC523342CCA9}.Release|iPhoneSimulator.ActiveCfg = Release|Any CPU
		{09023EA2-89CF-4F8C-909F-FC523342CCA9}.Release|iPhoneSimulator.Build.0 = Release|Any CPU
		{09023EA2-89CF-4F8C-909F-FC523342CCA9}.Release|x64.ActiveCfg = Release|Any CPU
		{09023EA2-89CF-4F8C-909F-FC523342CCA9}.Release|x64.Build.0 = Release|Any CPU
		{09023EA2-89CF-4F8C-909F-FC523342CCA9}.Release|x86.ActiveCfg = Release|Any CPU
		{09023EA2-89CF-4F8C-909F-FC523342CCA9}.Release|x86.Build.0 = Release|Any CPU
		{FF9BD75C-6095-4078-83F9-A05E1E63D2A7}.Ad-Hoc|Any CPU.ActiveCfg = Debug|Any CPU
		{FF9BD75C-6095-4078-83F9-A05E1E63D2A7}.Ad-Hoc|Any CPU.Build.0 = Debug|Any CPU
		{FF9BD75C-6095-4078-83F9-A05E1E63D2A7}.Ad-Hoc|ARM.ActiveCfg = Debug|Any CPU
		{FF9BD75C-6095-4078-83F9-A05E1E63D2A7}.Ad-Hoc|ARM.Build.0 = Debug|Any CPU
		{FF9BD75C-6095-4078-83F9-A05E1E63D2A7}.Ad-Hoc|iPhone.ActiveCfg = Debug|Any CPU
		{FF9BD75C-6095-4078-83F9-A05E1E63D2A7}.Ad-Hoc|iPhone.Build.0 = Debug|Any CPU
		{FF9BD75C-6095-4078-83F9-A05E1E63D2A7}.Ad-Hoc|iPhoneSimulator.ActiveCfg = Debug|Any CPU
		{FF9BD75C-6095-4078-83F9-A05E1E63D2A7}.Ad-Hoc|iPhoneSimulator.Build.0 = Debug|Any CPU
		{FF9BD75C-6095-4078-83F9-A05E1E63D2A7}.Ad-Hoc|x64.ActiveCfg = Debug|Any CPU
		{FF9BD75C-6095-4078-83F9-A05E1E63D2A7}.Ad-Hoc|x64.Build.0 = Debug|Any CPU
		{FF9BD75C-6095-4078-83F9-A05E1E63D2A7}.Ad-Hoc|x86.ActiveCfg = Debug|Any CPU
		{FF9BD75C-6095-4078-83F9-A05E1E63D2A7}.Ad-Hoc|x86.Build.0 = Debug|Any CPU
		{FF9BD75C-6095-4078-83F9-A05E1E63D2A7}.AppStore|Any CPU.ActiveCfg = Debug|Any CPU
		{FF9BD75C-6095-4078-83F9-A05E1E63D2A7}.AppStore|Any CPU.Build.0 = Debug|Any CPU
		{FF9BD75C-6095-4078-83F9-A05E1E63D2A7}.AppStore|ARM.ActiveCfg = Debug|Any CPU
		{FF9BD75C-6095-4078-83F9-A05E1E63D2A7}.AppStore|ARM.Build.0 = Debug|Any CPU
		{FF9BD75C-6095-4078-83F9-A05E1E63D2A7}.AppStore|iPhone.ActiveCfg = Debug|Any CPU
		{FF9BD75C-6095-4078-83F9-A05E1E63D2A7}.AppStore|iPhone.Build.0 = Debug|Any CPU
		{FF9BD75C-6095-4078-83F9-A05E1E63D2A7}.AppStore|iPhoneSimulator.ActiveCfg = Debug|Any CPU
		{FF9BD75C-6095-4078-83F9-A05E1E63D2A7}.AppStore|iPhoneSimulator.Build.0 = Debug|Any CPU
		{FF9BD75C-6095-4078-83F9-A05E1E63D2A7}.AppStore|x64.ActiveCfg = Debug|Any CPU
		{FF9BD75C-6095-4078-83F9-A05E1E63D2A7}.AppStore|x64.Build.0 = Debug|Any CPU
		{FF9BD75C-6095-4078-83F9-A05E1E63D2A7}.AppStore|x86.ActiveCfg = Debug|Any CPU
		{FF9BD75C-6095-4078-83F9-A05E1E63D2A7}.AppStore|x86.Build.0 = Debug|Any CPU
		{FF9BD75C-6095-4078-83F9-A05E1E63D2A7}.Debug|Any CPU.ActiveCfg = Debug|Any CPU
		{FF9BD75C-6095-4078-83F9-A05E1E63D2A7}.Debug|Any CPU.Build.0 = Debug|Any CPU
		{FF9BD75C-6095-4078-83F9-A05E1E63D2A7}.Debug|ARM.ActiveCfg = Debug|Any CPU
		{FF9BD75C-6095-4078-83F9-A05E1E63D2A7}.Debug|ARM.Build.0 = Debug|Any CPU
		{FF9BD75C-6095-4078-83F9-A05E1E63D2A7}.Debug|iPhone.ActiveCfg = Debug|Any CPU
		{FF9BD75C-6095-4078-83F9-A05E1E63D2A7}.Debug|iPhone.Build.0 = Debug|Any CPU
		{FF9BD75C-6095-4078-83F9-A05E1E63D2A7}.Debug|iPhoneSimulator.ActiveCfg = Debug|Any CPU
		{FF9BD75C-6095-4078-83F9-A05E1E63D2A7}.Debug|iPhoneSimulator.Build.0 = Debug|Any CPU
		{FF9BD75C-6095-4078-83F9-A05E1E63D2A7}.Debug|x64.ActiveCfg = Debug|Any CPU
		{FF9BD75C-6095-4078-83F9-A05E1E63D2A7}.Debug|x64.Build.0 = Debug|Any CPU
		{FF9BD75C-6095-4078-83F9-A05E1E63D2A7}.Debug|x86.ActiveCfg = Debug|Any CPU
		{FF9BD75C-6095-4078-83F9-A05E1E63D2A7}.Debug|x86.Build.0 = Debug|Any CPU
		{FF9BD75C-6095-4078-83F9-A05E1E63D2A7}.Release|Any CPU.ActiveCfg = Release|Any CPU
		{FF9BD75C-6095-4078-83F9-A05E1E63D2A7}.Release|Any CPU.Build.0 = Release|Any CPU
		{FF9BD75C-6095-4078-83F9-A05E1E63D2A7}.Release|ARM.ActiveCfg = Release|Any CPU
		{FF9BD75C-6095-4078-83F9-A05E1E63D2A7}.Release|ARM.Build.0 = Release|Any CPU
		{FF9BD75C-6095-4078-83F9-A05E1E63D2A7}.Release|iPhone.ActiveCfg = Release|Any CPU
		{FF9BD75C-6095-4078-83F9-A05E1E63D2A7}.Release|iPhone.Build.0 = Release|Any CPU
		{FF9BD75C-6095-4078-83F9-A05E1E63D2A7}.Release|iPhoneSimulator.ActiveCfg = Release|Any CPU
		{FF9BD75C-6095-4078-83F9-A05E1E63D2A7}.Release|iPhoneSimulator.Build.0 = Release|Any CPU
		{FF9BD75C-6095-4078-83F9-A05E1E63D2A7}.Release|x64.ActiveCfg = Release|Any CPU
		{FF9BD75C-6095-4078-83F9-A05E1E63D2A7}.Release|x64.Build.0 = Release|Any CPU
		{FF9BD75C-6095-4078-83F9-A05E1E63D2A7}.Release|x86.ActiveCfg = Release|Any CPU
		{FF9BD75C-6095-4078-83F9-A05E1E63D2A7}.Release|x86.Build.0 = Release|Any CPU
		{E3DBAB70-5958-4A23-B792-FC8E1C520481}.Ad-Hoc|Any CPU.ActiveCfg = Debug|Any CPU
		{E3DBAB70-5958-4A23-B792-FC8E1C520481}.Ad-Hoc|Any CPU.Build.0 = Debug|Any CPU
		{E3DBAB70-5958-4A23-B792-FC8E1C520481}.Ad-Hoc|Any CPU.Deploy.0 = Debug|Any CPU
		{E3DBAB70-5958-4A23-B792-FC8E1C520481}.Ad-Hoc|ARM.ActiveCfg = Debug|Any CPU
		{E3DBAB70-5958-4A23-B792-FC8E1C520481}.Ad-Hoc|ARM.Build.0 = Debug|Any CPU
		{E3DBAB70-5958-4A23-B792-FC8E1C520481}.Ad-Hoc|ARM.Deploy.0 = Debug|Any CPU
		{E3DBAB70-5958-4A23-B792-FC8E1C520481}.Ad-Hoc|iPhone.ActiveCfg = Debug|Any CPU
		{E3DBAB70-5958-4A23-B792-FC8E1C520481}.Ad-Hoc|iPhone.Build.0 = Debug|Any CPU
		{E3DBAB70-5958-4A23-B792-FC8E1C520481}.Ad-Hoc|iPhone.Deploy.0 = Debug|Any CPU
		{E3DBAB70-5958-4A23-B792-FC8E1C520481}.Ad-Hoc|iPhoneSimulator.ActiveCfg = Debug|Any CPU
		{E3DBAB70-5958-4A23-B792-FC8E1C520481}.Ad-Hoc|iPhoneSimulator.Build.0 = Debug|Any CPU
		{E3DBAB70-5958-4A23-B792-FC8E1C520481}.Ad-Hoc|iPhoneSimulator.Deploy.0 = Debug|Any CPU
		{E3DBAB70-5958-4A23-B792-FC8E1C520481}.Ad-Hoc|x64.ActiveCfg = Debug|Any CPU
		{E3DBAB70-5958-4A23-B792-FC8E1C520481}.Ad-Hoc|x64.Build.0 = Debug|Any CPU
		{E3DBAB70-5958-4A23-B792-FC8E1C520481}.Ad-Hoc|x64.Deploy.0 = Debug|Any CPU
		{E3DBAB70-5958-4A23-B792-FC8E1C520481}.Ad-Hoc|x86.ActiveCfg = Debug|Any CPU
		{E3DBAB70-5958-4A23-B792-FC8E1C520481}.Ad-Hoc|x86.Build.0 = Debug|Any CPU
		{E3DBAB70-5958-4A23-B792-FC8E1C520481}.Ad-Hoc|x86.Deploy.0 = Debug|Any CPU
		{E3DBAB70-5958-4A23-B792-FC8E1C520481}.AppStore|Any CPU.ActiveCfg = Debug|Any CPU
		{E3DBAB70-5958-4A23-B792-FC8E1C520481}.AppStore|Any CPU.Build.0 = Debug|Any CPU
		{E3DBAB70-5958-4A23-B792-FC8E1C520481}.AppStore|Any CPU.Deploy.0 = Debug|Any CPU
		{E3DBAB70-5958-4A23-B792-FC8E1C520481}.AppStore|ARM.ActiveCfg = Debug|Any CPU
		{E3DBAB70-5958-4A23-B792-FC8E1C520481}.AppStore|ARM.Build.0 = Debug|Any CPU
		{E3DBAB70-5958-4A23-B792-FC8E1C520481}.AppStore|ARM.Deploy.0 = Debug|Any CPU
		{E3DBAB70-5958-4A23-B792-FC8E1C520481}.AppStore|iPhone.ActiveCfg = Debug|Any CPU
		{E3DBAB70-5958-4A23-B792-FC8E1C520481}.AppStore|iPhone.Build.0 = Debug|Any CPU
		{E3DBAB70-5958-4A23-B792-FC8E1C520481}.AppStore|iPhone.Deploy.0 = Debug|Any CPU
		{E3DBAB70-5958-4A23-B792-FC8E1C520481}.AppStore|iPhoneSimulator.ActiveCfg = Debug|Any CPU
		{E3DBAB70-5958-4A23-B792-FC8E1C520481}.AppStore|iPhoneSimulator.Build.0 = Debug|Any CPU
		{E3DBAB70-5958-4A23-B792-FC8E1C520481}.AppStore|iPhoneSimulator.Deploy.0 = Debug|Any CPU
		{E3DBAB70-5958-4A23-B792-FC8E1C520481}.AppStore|x64.ActiveCfg = Debug|Any CPU
		{E3DBAB70-5958-4A23-B792-FC8E1C520481}.AppStore|x64.Build.0 = Debug|Any CPU
		{E3DBAB70-5958-4A23-B792-FC8E1C520481}.AppStore|x64.Deploy.0 = Debug|Any CPU
		{E3DBAB70-5958-4A23-B792-FC8E1C520481}.AppStore|x86.ActiveCfg = Debug|Any CPU
		{E3DBAB70-5958-4A23-B792-FC8E1C520481}.AppStore|x86.Build.0 = Debug|Any CPU
		{E3DBAB70-5958-4A23-B792-FC8E1C520481}.AppStore|x86.Deploy.0 = Debug|Any CPU
		{E3DBAB70-5958-4A23-B792-FC8E1C520481}.Debug|Any CPU.ActiveCfg = Debug|Any CPU
		{E3DBAB70-5958-4A23-B792-FC8E1C520481}.Debug|Any CPU.Build.0 = Debug|Any CPU
		{E3DBAB70-5958-4A23-B792-FC8E1C520481}.Debug|Any CPU.Deploy.0 = Debug|Any CPU
		{E3DBAB70-5958-4A23-B792-FC8E1C520481}.Debug|ARM.ActiveCfg = Debug|Any CPU
		{E3DBAB70-5958-4A23-B792-FC8E1C520481}.Debug|ARM.Build.0 = Debug|Any CPU
		{E3DBAB70-5958-4A23-B792-FC8E1C520481}.Debug|ARM.Deploy.0 = Debug|Any CPU
		{E3DBAB70-5958-4A23-B792-FC8E1C520481}.Debug|iPhone.ActiveCfg = Debug|Any CPU
		{E3DBAB70-5958-4A23-B792-FC8E1C520481}.Debug|iPhone.Build.0 = Debug|Any CPU
		{E3DBAB70-5958-4A23-B792-FC8E1C520481}.Debug|iPhone.Deploy.0 = Debug|Any CPU
		{E3DBAB70-5958-4A23-B792-FC8E1C520481}.Debug|iPhoneSimulator.ActiveCfg = Debug|Any CPU
		{E3DBAB70-5958-4A23-B792-FC8E1C520481}.Debug|iPhoneSimulator.Build.0 = Debug|Any CPU
		{E3DBAB70-5958-4A23-B792-FC8E1C520481}.Debug|iPhoneSimulator.Deploy.0 = Debug|Any CPU
		{E3DBAB70-5958-4A23-B792-FC8E1C520481}.Debug|x64.ActiveCfg = Debug|Any CPU
		{E3DBAB70-5958-4A23-B792-FC8E1C520481}.Debug|x64.Build.0 = Debug|Any CPU
		{E3DBAB70-5958-4A23-B792-FC8E1C520481}.Debug|x64.Deploy.0 = Debug|Any CPU
		{E3DBAB70-5958-4A23-B792-FC8E1C520481}.Debug|x86.ActiveCfg = Debug|Any CPU
		{E3DBAB70-5958-4A23-B792-FC8E1C520481}.Debug|x86.Build.0 = Debug|Any CPU
		{E3DBAB70-5958-4A23-B792-FC8E1C520481}.Debug|x86.Deploy.0 = Debug|Any CPU
		{E3DBAB70-5958-4A23-B792-FC8E1C520481}.Release|Any CPU.ActiveCfg = Release|Any CPU
		{E3DBAB70-5958-4A23-B792-FC8E1C520481}.Release|Any CPU.Build.0 = Release|Any CPU
		{E3DBAB70-5958-4A23-B792-FC8E1C520481}.Release|Any CPU.Deploy.0 = Release|Any CPU
		{E3DBAB70-5958-4A23-B792-FC8E1C520481}.Release|ARM.ActiveCfg = Release|Any CPU
		{E3DBAB70-5958-4A23-B792-FC8E1C520481}.Release|ARM.Build.0 = Release|Any CPU
		{E3DBAB70-5958-4A23-B792-FC8E1C520481}.Release|ARM.Deploy.0 = Release|Any CPU
		{E3DBAB70-5958-4A23-B792-FC8E1C520481}.Release|iPhone.ActiveCfg = Release|Any CPU
		{E3DBAB70-5958-4A23-B792-FC8E1C520481}.Release|iPhone.Build.0 = Release|Any CPU
		{E3DBAB70-5958-4A23-B792-FC8E1C520481}.Release|iPhone.Deploy.0 = Release|Any CPU
		{E3DBAB70-5958-4A23-B792-FC8E1C520481}.Release|iPhoneSimulator.ActiveCfg = Release|Any CPU
		{E3DBAB70-5958-4A23-B792-FC8E1C520481}.Release|iPhoneSimulator.Build.0 = Release|Any CPU
		{E3DBAB70-5958-4A23-B792-FC8E1C520481}.Release|iPhoneSimulator.Deploy.0 = Release|Any CPU
		{E3DBAB70-5958-4A23-B792-FC8E1C520481}.Release|x64.ActiveCfg = Release|Any CPU
		{E3DBAB70-5958-4A23-B792-FC8E1C520481}.Release|x64.Build.0 = Release|Any CPU
		{E3DBAB70-5958-4A23-B792-FC8E1C520481}.Release|x64.Deploy.0 = Release|Any CPU
		{E3DBAB70-5958-4A23-B792-FC8E1C520481}.Release|x86.ActiveCfg = Release|Any CPU
		{E3DBAB70-5958-4A23-B792-FC8E1C520481}.Release|x86.Build.0 = Release|Any CPU
		{E3DBAB70-5958-4A23-B792-FC8E1C520481}.Release|x86.Deploy.0 = Release|Any CPU
		{B066C4DE-83D2-4C88-B2E5-120D1435695C}.Ad-Hoc|Any CPU.ActiveCfg = Ad-Hoc|iPhoneSimulator
		{B066C4DE-83D2-4C88-B2E5-120D1435695C}.Ad-Hoc|ARM.ActiveCfg = Ad-Hoc|iPhoneSimulator
		{B066C4DE-83D2-4C88-B2E5-120D1435695C}.Ad-Hoc|iPhone.ActiveCfg = Ad-Hoc|iPhone
		{B066C4DE-83D2-4C88-B2E5-120D1435695C}.Ad-Hoc|iPhone.Build.0 = Ad-Hoc|iPhone
		{B066C4DE-83D2-4C88-B2E5-120D1435695C}.Ad-Hoc|iPhoneSimulator.ActiveCfg = Ad-Hoc|iPhoneSimulator
		{B066C4DE-83D2-4C88-B2E5-120D1435695C}.Ad-Hoc|iPhoneSimulator.Build.0 = Ad-Hoc|iPhoneSimulator
		{B066C4DE-83D2-4C88-B2E5-120D1435695C}.Ad-Hoc|x64.ActiveCfg = Ad-Hoc|iPhoneSimulator
		{B066C4DE-83D2-4C88-B2E5-120D1435695C}.Ad-Hoc|x86.ActiveCfg = Ad-Hoc|iPhoneSimulator
		{B066C4DE-83D2-4C88-B2E5-120D1435695C}.AppStore|Any CPU.ActiveCfg = AppStore|iPhoneSimulator
		{B066C4DE-83D2-4C88-B2E5-120D1435695C}.AppStore|ARM.ActiveCfg = AppStore|iPhoneSimulator
		{B066C4DE-83D2-4C88-B2E5-120D1435695C}.AppStore|iPhone.ActiveCfg = AppStore|iPhone
		{B066C4DE-83D2-4C88-B2E5-120D1435695C}.AppStore|iPhone.Build.0 = AppStore|iPhone
		{B066C4DE-83D2-4C88-B2E5-120D1435695C}.AppStore|iPhoneSimulator.ActiveCfg = AppStore|iPhoneSimulator
		{B066C4DE-83D2-4C88-B2E5-120D1435695C}.AppStore|iPhoneSimulator.Build.0 = AppStore|iPhoneSimulator
		{B066C4DE-83D2-4C88-B2E5-120D1435695C}.AppStore|x64.ActiveCfg = AppStore|iPhoneSimulator
		{B066C4DE-83D2-4C88-B2E5-120D1435695C}.AppStore|x86.ActiveCfg = AppStore|iPhoneSimulator
		{B066C4DE-83D2-4C88-B2E5-120D1435695C}.Debug|Any CPU.ActiveCfg = Debug|iPhoneSimulator
		{B066C4DE-83D2-4C88-B2E5-120D1435695C}.Debug|ARM.ActiveCfg = Debug|iPhoneSimulator
		{B066C4DE-83D2-4C88-B2E5-120D1435695C}.Debug|iPhone.ActiveCfg = Debug|iPhone
		{B066C4DE-83D2-4C88-B2E5-120D1435695C}.Debug|iPhone.Build.0 = Debug|iPhone
		{B066C4DE-83D2-4C88-B2E5-120D1435695C}.Debug|iPhoneSimulator.ActiveCfg = Debug|iPhoneSimulator
		{B066C4DE-83D2-4C88-B2E5-120D1435695C}.Debug|iPhoneSimulator.Build.0 = Debug|iPhoneSimulator
		{B066C4DE-83D2-4C88-B2E5-120D1435695C}.Debug|x64.ActiveCfg = Debug|iPhoneSimulator
		{B066C4DE-83D2-4C88-B2E5-120D1435695C}.Debug|x86.ActiveCfg = Debug|iPhoneSimulator
		{B066C4DE-83D2-4C88-B2E5-120D1435695C}.Release|Any CPU.ActiveCfg = Release|iPhoneSimulator
		{B066C4DE-83D2-4C88-B2E5-120D1435695C}.Release|ARM.ActiveCfg = Release|iPhoneSimulator
		{B066C4DE-83D2-4C88-B2E5-120D1435695C}.Release|iPhone.ActiveCfg = Release|iPhone
		{B066C4DE-83D2-4C88-B2E5-120D1435695C}.Release|iPhone.Build.0 = Release|iPhone
		{B066C4DE-83D2-4C88-B2E5-120D1435695C}.Release|iPhoneSimulator.ActiveCfg = Release|iPhoneSimulator
		{B066C4DE-83D2-4C88-B2E5-120D1435695C}.Release|iPhoneSimulator.Build.0 = Release|iPhoneSimulator
		{B066C4DE-83D2-4C88-B2E5-120D1435695C}.Release|x64.ActiveCfg = Release|iPhoneSimulator
		{B066C4DE-83D2-4C88-B2E5-120D1435695C}.Release|x86.ActiveCfg = Release|iPhoneSimulator
		{D97114E9-5E19-4D35-816A-4C150B2D209E}.Ad-Hoc|Any CPU.ActiveCfg = Debug|ARM
		{D97114E9-5E19-4D35-816A-4C150B2D209E}.Ad-Hoc|Any CPU.Build.0 = Debug|ARM
		{D97114E9-5E19-4D35-816A-4C150B2D209E}.Ad-Hoc|Any CPU.Deploy.0 = Debug|ARM
		{D97114E9-5E19-4D35-816A-4C150B2D209E}.Ad-Hoc|ARM.ActiveCfg = Debug|ARM
		{D97114E9-5E19-4D35-816A-4C150B2D209E}.Ad-Hoc|ARM.Build.0 = Debug|ARM
		{D97114E9-5E19-4D35-816A-4C150B2D209E}.Ad-Hoc|ARM.Deploy.0 = Debug|ARM
		{D97114E9-5E19-4D35-816A-4C150B2D209E}.Ad-Hoc|iPhone.ActiveCfg = Debug|ARM
		{D97114E9-5E19-4D35-816A-4C150B2D209E}.Ad-Hoc|iPhone.Build.0 = Debug|ARM
		{D97114E9-5E19-4D35-816A-4C150B2D209E}.Ad-Hoc|iPhone.Deploy.0 = Debug|ARM
		{D97114E9-5E19-4D35-816A-4C150B2D209E}.Ad-Hoc|iPhoneSimulator.ActiveCfg = Debug|ARM
		{D97114E9-5E19-4D35-816A-4C150B2D209E}.Ad-Hoc|iPhoneSimulator.Build.0 = Debug|ARM
		{D97114E9-5E19-4D35-816A-4C150B2D209E}.Ad-Hoc|iPhoneSimulator.Deploy.0 = Debug|ARM
		{D97114E9-5E19-4D35-816A-4C150B2D209E}.Ad-Hoc|x64.ActiveCfg = Debug|x64
		{D97114E9-5E19-4D35-816A-4C150B2D209E}.Ad-Hoc|x64.Build.0 = Debug|x64
		{D97114E9-5E19-4D35-816A-4C150B2D209E}.Ad-Hoc|x64.Deploy.0 = Debug|x64
		{D97114E9-5E19-4D35-816A-4C150B2D209E}.Ad-Hoc|x86.ActiveCfg = Debug|x86
		{D97114E9-5E19-4D35-816A-4C150B2D209E}.Ad-Hoc|x86.Build.0 = Debug|x86
		{D97114E9-5E19-4D35-816A-4C150B2D209E}.Ad-Hoc|x86.Deploy.0 = Debug|x86
		{D97114E9-5E19-4D35-816A-4C150B2D209E}.AppStore|Any CPU.ActiveCfg = Debug|ARM
		{D97114E9-5E19-4D35-816A-4C150B2D209E}.AppStore|Any CPU.Build.0 = Debug|ARM
		{D97114E9-5E19-4D35-816A-4C150B2D209E}.AppStore|Any CPU.Deploy.0 = Debug|ARM
		{D97114E9-5E19-4D35-816A-4C150B2D209E}.AppStore|ARM.ActiveCfg = Debug|ARM
		{D97114E9-5E19-4D35-816A-4C150B2D209E}.AppStore|ARM.Build.0 = Debug|ARM
		{D97114E9-5E19-4D35-816A-4C150B2D209E}.AppStore|ARM.Deploy.0 = Debug|ARM
		{D97114E9-5E19-4D35-816A-4C150B2D209E}.AppStore|iPhone.ActiveCfg = Debug|ARM
		{D97114E9-5E19-4D35-816A-4C150B2D209E}.AppStore|iPhone.Build.0 = Debug|ARM
		{D97114E9-5E19-4D35-816A-4C150B2D209E}.AppStore|iPhone.Deploy.0 = Debug|ARM
		{D97114E9-5E19-4D35-816A-4C150B2D209E}.AppStore|iPhoneSimulator.ActiveCfg = Debug|ARM
		{D97114E9-5E19-4D35-816A-4C150B2D209E}.AppStore|iPhoneSimulator.Build.0 = Debug|ARM
		{D97114E9-5E19-4D35-816A-4C150B2D209E}.AppStore|iPhoneSimulator.Deploy.0 = Debug|ARM
		{D97114E9-5E19-4D35-816A-4C150B2D209E}.AppStore|x64.ActiveCfg = Debug|x64
		{D97114E9-5E19-4D35-816A-4C150B2D209E}.AppStore|x64.Build.0 = Debug|x64
		{D97114E9-5E19-4D35-816A-4C150B2D209E}.AppStore|x64.Deploy.0 = Debug|x64
		{D97114E9-5E19-4D35-816A-4C150B2D209E}.AppStore|x86.ActiveCfg = Debug|x86
		{D97114E9-5E19-4D35-816A-4C150B2D209E}.AppStore|x86.Build.0 = Debug|x86
		{D97114E9-5E19-4D35-816A-4C150B2D209E}.AppStore|x86.Deploy.0 = Debug|x86
		{D97114E9-5E19-4D35-816A-4C150B2D209E}.Debug|Any CPU.ActiveCfg = Debug|x86
		{D97114E9-5E19-4D35-816A-4C150B2D209E}.Debug|ARM.ActiveCfg = Debug|ARM
		{D97114E9-5E19-4D35-816A-4C150B2D209E}.Debug|ARM.Build.0 = Debug|ARM
		{D97114E9-5E19-4D35-816A-4C150B2D209E}.Debug|ARM.Deploy.0 = Debug|ARM
		{D97114E9-5E19-4D35-816A-4C150B2D209E}.Debug|iPhone.ActiveCfg = Debug|x86
		{D97114E9-5E19-4D35-816A-4C150B2D209E}.Debug|iPhoneSimulator.ActiveCfg = Debug|x86
		{D97114E9-5E19-4D35-816A-4C150B2D209E}.Debug|x64.ActiveCfg = Debug|x64
		{D97114E9-5E19-4D35-816A-4C150B2D209E}.Debug|x64.Build.0 = Debug|x64
		{D97114E9-5E19-4D35-816A-4C150B2D209E}.Debug|x64.Deploy.0 = Debug|x64
		{D97114E9-5E19-4D35-816A-4C150B2D209E}.Debug|x86.ActiveCfg = Debug|x86
		{D97114E9-5E19-4D35-816A-4C150B2D209E}.Debug|x86.Build.0 = Debug|x86
		{D97114E9-5E19-4D35-816A-4C150B2D209E}.Debug|x86.Deploy.0 = Debug|x86
		{D97114E9-5E19-4D35-816A-4C150B2D209E}.Release|Any CPU.ActiveCfg = Release|x86
		{D97114E9-5E19-4D35-816A-4C150B2D209E}.Release|ARM.ActiveCfg = Release|ARM
		{D97114E9-5E19-4D35-816A-4C150B2D209E}.Release|ARM.Build.0 = Release|ARM
		{D97114E9-5E19-4D35-816A-4C150B2D209E}.Release|ARM.Deploy.0 = Release|ARM
		{D97114E9-5E19-4D35-816A-4C150B2D209E}.Release|iPhone.ActiveCfg = Release|x86
		{D97114E9-5E19-4D35-816A-4C150B2D209E}.Release|iPhoneSimulator.ActiveCfg = Release|x86
		{D97114E9-5E19-4D35-816A-4C150B2D209E}.Release|x64.ActiveCfg = Release|x64
		{D97114E9-5E19-4D35-816A-4C150B2D209E}.Release|x64.Build.0 = Release|x64
		{D97114E9-5E19-4D35-816A-4C150B2D209E}.Release|x64.Deploy.0 = Release|x64
		{D97114E9-5E19-4D35-816A-4C150B2D209E}.Release|x86.ActiveCfg = Release|x86
		{D97114E9-5E19-4D35-816A-4C150B2D209E}.Release|x86.Build.0 = Release|x86
		{D97114E9-5E19-4D35-816A-4C150B2D209E}.Release|x86.Deploy.0 = Release|x86
	EndGlobalSection
	GlobalSection(SolutionProperties) = preSolution
		HideSolutionNode = FALSE
	EndGlobalSection
	GlobalSection(ExtensibilityGlobals) = postSolution
		SolutionGuid = {3A5ADCA5-E72A-4876-8BB0-E2373CDC930C}
	EndGlobalSection
EndGlobal
